
Microsoft Visual Studio Solution File, Format Version 12.00
# Visual Studio Version 17
VisualStudioVersion = 17.6.33801.468
MinimumVisualStudioVersion = 10.0.40219.1
Project("{FAE04EC0-301F-11D3-BF4B-00C04F79EFBC}") = "G-WebApi", "G-WebApi\G-WebApi.csproj", "{CFD6521A-7BB6-422D-8889-9B4C5F66A4DB}"
EndProject
Global
	GlobalSection(SolutionConfigurationPlatforms) = preSolution
		Debug|Any CPU = Debug|Any CPU
		Release|Any CPU = Release|Any CPU
	EndGlobalSection
	GlobalSection(ProjectConfigurationPlatforms) = postSolution
		{CFD6521A-7BB6-422D-8889-9B4C5F66A4DB}.Debug|Any CPU.ActiveCfg = Debug|Any CPU
		{CFD6521A-7BB6-422D-8889-9B4C5F66A4DB}.Debug|Any CPU.Build.0 = Debug|Any CPU
		{CFD6521A-7BB6-422D-8889-9B4C5F66A4DB}.Release|Any CPU.ActiveCfg = Release|Any CPU
		{CFD6521A-7BB6-422D-8889-9B4C5F66A4DB}.Release|Any CPU.Build.0 = Release|Any CPU
	EndGlobalSection
	GlobalSection(SolutionProperties) = preSolution
		HideSolutionNode = FALSE
	EndGlobalSection
	GlobalSection(ExtensibilityGlobals) = postSolution
		SolutionGuid = {DBCCA6E5-4B3F-45CE-BF64-E925B12204AC}
	EndGlobalSection
EndGlobal
